
Microsoft Visual Studio Solution File, Format Version 12.00
# Visual Studio 2012
Project("{FAE04EC0-301F-11D3-BF4B-00C04F79EFBC}") = "PhoneApp", "PhoneApp\PhoneApp.csproj", "{A981EA4B-FB17-4D45-87BB-E4DCEF031F19}"
EndProject
Global
	GlobalSection(SolutionConfigurationPlatforms) = preSolution
		Debug|iPhoneSimulator = Debug|iPhoneSimulator
		Release|iPhone = Release|iPhone
		Release|iPhoneSimulator = Release|iPhoneSimulator
		Debug|iPhone = Debug|iPhone
	EndGlobalSection
	GlobalSection(ProjectConfigurationPlatforms) = postSolution
		{A981EA4B-FB17-4D45-87BB-E4DCEF031F19}.Debug|iPhoneSimulator.ActiveCfg = Debug|iPhoneSimulator
		{A981EA4B-FB17-4D45-87BB-E4DCEF031F19}.Debug|iPhoneSimulator.Build.0 = Debug|iPhoneSimulator
		{A981EA4B-FB17-4D45-87BB-E4DCEF031F19}.Release|iPhone.ActiveCfg = Release|iPhone
		{A981EA4B-FB17-4D45-87BB-E4DCEF031F19}.Release|iPhone.Build.0 = Release|iPhone
		{A981EA4B-FB17-4D45-87BB-E4DCEF031F19}.Release|iPhoneSimulator.ActiveCfg = Release|iPhoneSimulator
		{A981EA4B-FB17-4D45-87BB-E4DCEF031F19}.Release|iPhoneSimulator.Build.0 = Release|iPhoneSimulator
		{A981EA4B-FB17-4D45-87BB-E4DCEF031F19}.Debug|iPhone.ActiveCfg = Debug|iPhone
		{A981EA4B-FB17-4D45-87BB-E4DCEF031F19}.Debug|iPhone.Build.0 = Debug|iPhone
	EndGlobalSection
EndGlobal
